{
  "name": "bitches",
  "version": "1.0.0",
  "lockfileVersion": 2,
  "requires": true,
  "packages": {
    "": {
      "name": "bitches",
      "version": "1.0.0",
      "license": "ISC",
      "dependencies": {
        "random-human-names": "^2.0.4"
      }
    },
    "node_modules/random-human-names": {
      "version": "2.0.4",
      "resolved": "https://registry.npmjs.org/random-human-names/-/random-human-names-2.0.4.tgz",
      "integrity": "sha512-qOLLRKuCUEnCchLMMQRWo8xbFnhlPovkq6FW/oz9OKrCBFBywb0q4pOpCozulVTwKt3Ej+ulEaVG5u63hyldOg==",
      "dependencies": {
        "unique-random-array": "^1.0.0"
      },
      "engines": {
        "node": ">=0.10.0"
      }
    },
    "node_modules/unique-random": {
      "version": "1.0.0",
      "resolved": "https://registry.npmjs.org/unique-random/-/unique-random-1.0.0.tgz",
      "integrity": "sha512-K1sUkPf9EXCZFNIlMCoX4icAqcvkR4FMPH4Z61HbyiWhQl1ZGo0zYeV2bJmocK8Cp6tnKYrCnpkeKGebXZoRTQ==",
      "engines": {
        "node": ">=0.10.0"
      }
    },
    "node_modules/unique-random-array": {
      "version": "1.0.1",
      "resolved": "https://registry.npmjs.org/unique-random-array/-/unique-random-array-1.0.1.tgz",
      "integrity": "sha512-z9J/SV8CUIhIRROcHe9YUoAT6XthUJt0oUyLGgobiXJprDP9O9dsErNevvSaAv5BkhwFEVPn6nIEOKeNE6Ck1Q==",
      "dependencies": {
        "unique-random": "^1.0.0"
      },
      "engines": {
        "node": ">=0.10.0"
      }
    }
  },
  "dependencies": {
    "random-human-names": {
      "version": "2.0.4",
      "resolved": "https://registry.npmjs.org/random-human-names/-/random-human-names-2.0.4.tgz",
      "integrity": "sha512-qOLLRKuCUEnCchLMMQRWo8xbFnhlPovkq6FW/oz9OKrCBFBywb0q4pOpCozulVTwKt3Ej+ulEaVG5u63hyldOg==",
      "requires": {
        "unique-random-array": "^1.0.0"
      }
    },
    "unique-random": {
      "version": "1.0.0",
      "resolved": "https://registry.npmjs.org/unique-random/-/unique-random-1.0.0.tgz",
      "integrity": "sha512-K1sUkPf9EXCZFNIlMCoX4icAqcvkR4FMPH4Z61HbyiWhQl1ZGo0zYeV2bJmocK8Cp6tnKYrCnpkeKGebXZoRTQ=="
    },
    "unique-random-array": {
      "version": "1.0.1",
      "resolved": "https://registry.npmjs.org/unique-random-array/-/unique-random-array-1.0.1.tgz",
      "integrity": "sha512-z9J/SV8CUIhIRROcHe9YUoAT6XthUJt0oUyLGgobiXJprDP9O9dsErNevvSaAv5BkhwFEVPn6nIEOKeNE6Ck1Q==",
      "requires": {
        "unique-random": "^1.0.0"
      }
    }
  }
}
